
Microsoft Visual Studio Solution File, Format Version 12.00
# Visual Studio Version 17
VisualStudioVersion = 17.14.36119.2 d17.14
MinimumVisualStudioVersion = 10.0.40219.1
Project("{FAE04EC0-301F-11D3-BF4B-00C04F79EFBC}") = "BtSwitch", "BtSwitch.csproj", "{BA75A51C-7273-40EC-9953-AF9249FA0E90}"
EndProject
Global
	GlobalSection(SolutionConfigurationPlatforms) = preSolution
		Debug|Any CPU = Debug|Any CPU
		Release|Any CPU = Release|Any CPU
	EndGlobalSection
	GlobalSection(ProjectConfigurationPlatforms) = postSolution
		{BA75A51C-7273-40EC-9953-AF9249FA0E90}.Debug|Any CPU.ActiveCfg = Debug|Any CPU
		{BA75A51C-7273-40EC-9953-AF9249FA0E90}.Debug|Any CPU.Build.0 = Debug|Any CPU
		{BA75A51C-7273-40EC-9953-AF9249FA0E90}.Release|Any CPU.ActiveCfg = Release|Any CPU
		{BA75A51C-7273-40EC-9953-AF9249FA0E90}.Release|Any CPU.Build.0 = Release|Any CPU
	EndGlobalSection
	GlobalSection(SolutionProperties) = preSolution
		HideSolutionNode = FALSE
	EndGlobalSection
	GlobalSection(ExtensibilityGlobals) = postSolution
		SolutionGuid = {DF16366F-240D-4175-A67A-60B36208C11B}
	EndGlobalSection
EndGlobal
